// !$*UTF8*$!
{
	archiveVersion = 1;
	classes = {
	};
	objectVersion = 46;
	objects = {

/* Begin PBXBuildFile section */
		BC4ABB711A1D35E700B3C3EE /* main.m in Sources */ = {isa = PBXBuildFile; fileRef = BC4ABB701A1D35E700B3C3EE /* main.m */; };
		BC4ABB781A1D35F700B3C3EE /* Accelerate.framework in Frameworks */ = {isa = PBXBuildFile; fileRef = BC4ABB771A1D35F700B3C3EE /* Accelerate.framework */; };
/* End PBXBuildFile section */

/* Begin PBXCopyFilesBuildPhase section */
		BC4ABB6B1A1D35E700B3C3EE /* CopyFiles */ = {
			isa = PBXCopyFilesBuildPhase;
			buildActionMask = 2147483647;
			dstPath = /usr/share/man/man1/;
			dstSubfolderSpec = 0;
			files = (
			);
			runOnlyForDeploymentPostprocessing = 1;
		};
		BC52DEDC1A1E5A5A00AAD267 /* CopyFiles */ = {
			isa = PBXCopyFilesBuildPhase;
			buildActionMask = 2147483647;
			dstPath = "";
			dstSubfolderSpec = 10;
			files = (
			);
			runOnlyForDeploymentPostprocessing = 0;
		};
/* End PBXCopyFilesBuildPhase section */

/* Begin PBXFileReference section */
		BC4ABB6D1A1D35E700B3C3EE /* Finding Eigenvalues */ = {isa = PBXFileReference; explicitFileType = "compiled.mach-o.executable"; includeInIndex = 0; path = "Finding Eigenvalues"; sourceTree = BUILT_PRODUCTS_DIR; };
		BC4ABB701A1D35E700B3C3EE /* main.m */ = {isa = PBXFileReference; lastKnownFileType = sourcecode.c.objc; path = main.m; sourceTree = "<group>"; };
		BC4ABB771A1D35F700B3C3EE /* Accelerate.framework */ = {isa = PBXFileReference; lastKnownFileType = wrapper.framework; name = Accelerate.framework; path = System/Library/Frameworks/Accelerate.framework; sourceTree = SDKROOT; };
		BC52DEDF1A1E5AFD00AAD267 /* QuartzCore.framework */ = {isa = PBXFileReference; lastKnownFileType = wrapper.framework; name = QuartzCore.framework; path = System/Library/Frameworks/QuartzCore.framework; sourceTree = SDKROOT; };
/* End PBXFileReference section */

/* Begin PBXFrameworksBuildPhase section */
		BC4ABB6A1A1D35E700B3C3EE /* Frameworks */ = {
			isa = PBXFrameworksBuildPhase;
			buildActionMask = 2147483647;
			files = (
				BC4ABB781A1D35F700B3C3EE /* Accelerate.framework in Frameworks */,
			);
			runOnlyForDeploymentPostprocessing = 0;
		};
/* End PBXFrameworksBuildPhase section */

/* Begin PBXGroup section */
		BC4ABB641A1D35E700B3C3EE = {
			isa = PBXGroup;
			children = (
				BC4ABB6F1A1D35E700B3C3EE /* Finding Eigenvalues */,
				BC4ABB791A1D361A00B3C3EE /* Frameworks */,
				BC4ABB6E1A1D35E700B3C3EE /* Products */,
			);
			sourceTree = "<group>";
		};
		BC4ABB6E1A1D35E700B3C3EE /* Products */ = {
			isa = PBXGroup;
			children = (
				BC4ABB6D1A1D35E700B3C3EE /* Finding Eigenvalues */,
			);
			name = Products;
			sourceTree = "<group>";
		};
		BC4ABB6F1A1D35E700B3C3EE /* Finding Eigenvalues */ = {
			isa = PBXGroup;
			children = (
				BC4ABB701A1D35E700B3C3EE /* main.m */,
			);
			path = "Finding Eigenvalues";
			sourceTree = "<group>";
		};
		BC4ABB791A1D361A00B3C3EE /* Frameworks */ = {
			isa = PBXGroup;
			children = (
				BC52DEDF1A1E5AFD00AAD267 /* QuartzCore.framework */,
				BC4ABB771A1D35F700B3C3EE /* Accelerate.framework */,
			);
			name = Frameworks;
			sourceTree = "<group>";
		};
/* End PBXGroup section */

/* Begin PBXNativeTarget section */
		BC4ABB6C1A1D35E700B3C3EE /* Finding Eigenvalues */ = {
			isa = PBXNativeTarget;
			buildConfigurationList = BC4ABB741A1D35E700B3C3EE /* Build configuration list for PBXNativeTarget "Finding Eigenvalues" */;
			buildPhases = (
				BC4ABB691A1D35E700B3C3EE /* Sources */,
				BC4ABB6A1A1D35E700B3C3EE /* Frameworks */,
				BC4ABB6B1A1D35E700B3C3EE /* CopyFiles */,
				BC52DEDC1A1E5A5A00AAD267 /* CopyFiles */,
			);
			buildRules = (
			);
			dependencies = (
			);
			name = "Finding Eigenvalues";
			productName = "Finding Eigenvalues";
			productReference = BC4ABB6D1A1D35E700B3C3EE /* Finding Eigenvalues */;
			productType = "com.apple.product-type.tool";
		};
/* End PBXNativeTarget section */

/* Begin PBXProject section */
		BC4ABB651A1D35E700B3C3EE /* Project object */ = {
			isa = PBXProject;
			attributes = {
				LastUpgradeCheck = 0600;
				ORGANIZATIONNAME = "Beth Tyler";
				TargetAttributes = {
					BC4ABB6C1A1D35E700B3C3EE = {
						CreatedOnToolsVersion = 6.0.1;
					};
				};
			};
			buildConfigurationList = BC4ABB681A1D35E700B3C3EE /* Build configuration list for PBXProject "Finding Eigenvalues" */;
			compatibilityVersion = "Xcode 3.2";
			developmentRegion = English;
			hasScannedForEncodings = 0;
			knownRegions = (
				en,
			);
			mainGroup = BC4ABB641A1D35E700B3C3EE;
			productRefGroup = BC4ABB6E1A1D35E700B3C3EE /* Products */;
			projectDirPath = "";
			projectRoot = "";
			targets = (
				BC4ABB6C1A1D35E700B3C3EE /* Finding Eigenvalues */,
			);
		};
/* End PBXProject section */

/* Begin PBXSourcesBuildPhase section */
		BC4ABB691A1D35E700B3C3EE /* Sources */ = {
			isa = PBXSourcesBuildPhase;
			buildActionMask = 2147483647;
			files = (
				BC4ABB711A1D35E700B3C3EE /* main.m in Sources */,
			);
			runOnlyForDeploymentPostprocessing = 0;
		};
/* End PBXSourcesBuildPhase section */

/* Begin XCBuildConfiguration section */
		BC4ABB721A1D35E700B3C3EE /* Debug */ = {
			isa = XCBuildConfiguration;
			buildSettings = {
				ALWAYS_SEARCH_USER_PATHS = NO;
				CLANG_CXX_LANGUAGE_STANDARD = "gnu++0x";
				CLANG_CXX_LIBRARY = "libc++";
				CLANG_ENABLE_MODULES = YES;
				CLANG_ENABLE_OBJC_ARC = YES;
				CLANG_WARN_BOOL_CONVERSION = YES;
				CLANG_WARN_CONSTANT_CONVERSION = YES;
				CLANG_WARN_DIRECT_OBJC_ISA_USAGE = YES_ERROR;
				CLANG_WARN_EMPTY_BODY = YES;
				CLANG_WARN_ENUM_CONVERSION = YES;
				CLANG_WARN_INT_CONVERSION = YES;
				CLANG_WARN_OBJC_ROOT_CLASS = YES_ERROR;
				CLANG_WARN_UNREACHABLE_CODE = YES;
				CLANG_WARN__DUPLICATE_METHOD_MATCH = YES;
				COPY_PHASE_STRIP = NO;
				ENABLE_STRICT_OBJC_MSGSEND = YES;
				GCC_C_LANGUAGE_STANDARD = gnu99;
				GCC_DYNAMIC_NO_PIC = NO;
				GCC_OPTIMIZATION_LEVEL = 0;
				GCC_PREPROCESSOR_DEFINITIONS = (
					"DEBUG=1",
					"$(inherited)",
				);
				GCC_SYMBOLS_PRIVATE_EXTERN = NO;
				GCC_WARN_64_TO_32_BIT_CONVERSION = YES;
				GCC_WARN_ABOUT_RETURN_TYPE = YES_ERROR;
				GCC_WARN_UNDECLARED_SELECTOR = YES;
				GCC_WARN_UNINITIALIZED_AUTOS = YES_AGGRESSIVE;
				GCC_WARN_UNUSED_FUNCTION = YES;
				GCC_WARN_UNUSED_VARIABLE = YES;
				MACOSX_DEPLOYMENT_TARGET = 10.10;
				MTL_ENABLE_DEBUG_INFO = YES;
				ONLY_ACTIVE_ARCH = YES;
				SDKROOT = macosx;
			};
			name = Debug;
		};
		BC4ABB731A1D35E700B3C3EE /* Release */ = {
			isa = XCBuildConfiguration;
			buildSettings = {
				ALWAYS_SEARCH_USER_PATHS = NO;
				CLANG_CXX_LANGUAGE_STANDARD = "gnu++0x";
				CLANG_CXX_LIBRARY = "libc++";
				CLANG_ENABLE_MODULES = YES;
				CLANG_ENABLE_OBJC_ARC = YES;
				CLANG_WARN_BOOL_CONVERSION = YES;
				CLANG_WARN_CONSTANT_CONVERSION = YES;
				CLANG_WARN_DIRECT_OBJC_ISA_USAGE = YES_ERROR;
				CLANG_WARN_EMPTY_BODY = YES;
				CLANG_WARN_ENUM_CONVERSION = YES;
				CLANG_WARN_INT_CONVERSION = YES;
				CLANG_WARN_OBJC_ROOT_CLASS = YES_ERROR;
				CLANG_WARN_UNREACHABLE_CODE = YES;
				CLANG_WARN__DUPLICATE_METHOD_MATCH = YES;
				COPY_PHASE_STRIP = YES;
				DEBUG_INFORMATION_FORMAT = "dwarf-with-dsym";
				ENABLE_NS_ASSERTIONS = NO;
				ENABLE_STRICT_OBJC_MSGSEND = YES;
				GCC_C_LANGUAGE_STANDARD = gnu99;
				GCC_WARN_64_TO_32_BIT_CONVERSION = YES;
				GCC_WARN_ABOUT_RETURN_TYPE = YES_ERROR;
				GCC_WARN_UNDECLARED_SELECTOR = YES;
				GCC_WARN_UNINITIALIZED_AUTOS = YES_AGGRESSIVE;
				GCC_WARN_UNUSED_FUNCTION = YES;
				GCC_WARN_UNUSED_VARIABLE = YES;
				MACOSX_DEPLOYMENT_TARGET = 10.10;
				MTL_ENABLE_DEBUG_INFO = NO;
				SDKROOT = macosx;
			};
			name = Release;
		};
		BC4ABB751A1D35E700B3C3EE /* Debug */ = {
			isa = XCBuildConfiguration;
			buildSettings = {
				PRODUCT_NAME = "$(TARGET_NAME)";
			};
			name = Debug;
		};
		BC4ABB761A1D35E700B3C3EE /* Release */ = {
			isa = XCBuildConfiguration;
			buildSettings = {
				PRODUCT_NAME = "$(TARGET_NAME)";
			};
			name = Release;
		};
/* End XCBuildConfiguration section */

/* Begin XCConfigurationList section */
		BC4ABB681A1D35E700B3C3EE /* Build configuration list for PBXProject "Finding Eigenvalues" */ = {
			isa = XCConfigurationList;
			buildConfigurations = (
				BC4ABB721A1D35E700B3C3EE /* Debug */,
				BC4ABB731A1D35E700B3C3EE /* Release */,
			);
			defaultConfigurationIsVisible = 0;
			defaultConfigurationName = Release;
		};
		BC4ABB741A1D35E700B3C3EE /* Build configuration list for PBXNativeTarget "Finding Eigenvalues" */ = {
			isa = XCConfigurationList;
			buildConfigurations = (
				BC4ABB751A1D35E700B3C3EE /* Debug */,
				BC4ABB761A1D35E700B3C3EE /* Release */,
			);
			defaultConfigurationIsVisible = 0;
			defaultConfigurationName = Release;
		};
/* End XCConfigurationList section */
	};
	rootObject = BC4ABB651A1D35E700B3C3EE /* Project object */;
}
