// !$*UTF8*$!
{
	archiveVersion = 1;
	classes = {
	};
	objectVersion = 46;
	objects = {

/* Begin PBXBuildFile section */
		BC52DF071A1E5D1900AAD267 /* main.m in Sources */ = {isa = PBXBuildFile; fileRef = BC52DF061A1E5D1900AAD267 /* main.m */; };
		BC52DF0E1A1E5D3900AAD267 /* Accelerate.framework in Frameworks */ = {isa = PBXBuildFile; fileRef = BC52DF0D1A1E5D3900AAD267 /* Accelerate.framework */; };
/* End PBXBuildFile section */

/* Begin PBXCopyFilesBuildPhase section */
		BC52DF011A1E5D1900AAD267 /* CopyFiles */ = {
			isa = PBXCopyFilesBuildPhase;
			buildActionMask = 2147483647;
			dstPath = /usr/share/man/man1/;
			dstSubfolderSpec = 0;
			files = (
			);
			runOnlyForDeploymentPostprocessing = 1;
		};
/* End PBXCopyFilesBuildPhase section */

/* Begin PBXFileReference section */
		BC52DF031A1E5D1900AAD267 /* Eigenvalues For Different Values of Lambda */ = {isa = PBXFileReference; explicitFileType = "compiled.mach-o.executable"; includeInIndex = 0; path = "Eigenvalues For Different Values of Lambda"; sourceTree = BUILT_PRODUCTS_DIR; };
		BC52DF061A1E5D1900AAD267 /* main.m */ = {isa = PBXFileReference; lastKnownFileType = sourcecode.c.objc; path = main.m; sourceTree = "<group>"; };
		BC52DF0D1A1E5D3900AAD267 /* Accelerate.framework */ = {isa = PBXFileReference; lastKnownFileType = wrapper.framework; name = Accelerate.framework; path = System/Library/Frameworks/Accelerate.framework; sourceTree = SDKROOT; };
/* End PBXFileReference section */

/* Begin PBXFrameworksBuildPhase section */
		BC52DF001A1E5D1900AAD267 /* Frameworks */ = {
			isa = PBXFrameworksBuildPhase;
			buildActionMask = 2147483647;
			files = (
				BC52DF0E1A1E5D3900AAD267 /* Accelerate.framework in Frameworks */,
			);
			runOnlyForDeploymentPostprocessing = 0;
		};
/* End PBXFrameworksBuildPhase section */

/* Begin PBXGroup section */
		BC52DEFA1A1E5D1900AAD267 = {
			isa = PBXGroup;
			children = (
				BC52DF0F1A1E5D4000AAD267 /* Frameworks */,
				BC52DF051A1E5D1900AAD267 /* Eigenvalues For Different Values of Lambda */,
				BC52DF041A1E5D1900AAD267 /* Products */,
			);
			sourceTree = "<group>";
		};
		BC52DF041A1E5D1900AAD267 /* Products */ = {
			isa = PBXGroup;
			children = (
				BC52DF031A1E5D1900AAD267 /* Eigenvalues For Different Values of Lambda */,
			);
			name = Products;
			sourceTree = "<group>";
		};
		BC52DF051A1E5D1900AAD267 /* Eigenvalues For Different Values of Lambda */ = {
			isa = PBXGroup;
			children = (
				BC52DF061A1E5D1900AAD267 /* main.m */,
			);
			path = "Eigenvalues For Different Values of Lambda";
			sourceTree = "<group>";
		};
		BC52DF0F1A1E5D4000AAD267 /* Frameworks */ = {
			isa = PBXGroup;
			children = (
				BC52DF0D1A1E5D3900AAD267 /* Accelerate.framework */,
			);
			name = Frameworks;
			sourceTree = "<group>";
		};
/* End PBXGroup section */

/* Begin PBXNativeTarget section */
		BC52DF021A1E5D1900AAD267 /* Eigenvalues For Different Values of Lambda */ = {
			isa = PBXNativeTarget;
			buildConfigurationList = BC52DF0A1A1E5D1900AAD267 /* Build configuration list for PBXNativeTarget "Eigenvalues For Different Values of Lambda" */;
			buildPhases = (
				BC52DEFF1A1E5D1900AAD267 /* Sources */,
				BC52DF001A1E5D1900AAD267 /* Frameworks */,
				BC52DF011A1E5D1900AAD267 /* CopyFiles */,
			);
			buildRules = (
			);
			dependencies = (
			);
			name = "Eigenvalues For Different Values of Lambda";
			productName = "Eigenvalues For Different Values of Lambda";
			productReference = BC52DF031A1E5D1900AAD267 /* Eigenvalues For Different Values of Lambda */;
			productType = "com.apple.product-type.tool";
		};
/* End PBXNativeTarget section */

/* Begin PBXProject section */
		BC52DEFB1A1E5D1900AAD267 /* Project object */ = {
			isa = PBXProject;
			attributes = {
				LastUpgradeCheck = 0600;
				ORGANIZATIONNAME = "Beth Tyler";
				TargetAttributes = {
					BC52DF021A1E5D1900AAD267 = {
						CreatedOnToolsVersion = 6.0.1;
					};
				};
			};
			buildConfigurationList = BC52DEFE1A1E5D1900AAD267 /* Build configuration list for PBXProject "Eigenvalues For Different Values of Lambda" */;
			compatibilityVersion = "Xcode 3.2";
			developmentRegion = English;
			hasScannedForEncodings = 0;
			knownRegions = (
				en,
			);
			mainGroup = BC52DEFA1A1E5D1900AAD267;
			productRefGroup = BC52DF041A1E5D1900AAD267 /* Products */;
			projectDirPath = "";
			projectRoot = "";
			targets = (
				BC52DF021A1E5D1900AAD267 /* Eigenvalues For Different Values of Lambda */,
			);
		};
/* End PBXProject section */

/* Begin PBXSourcesBuildPhase section */
		BC52DEFF1A1E5D1900AAD267 /* Sources */ = {
			isa = PBXSourcesBuildPhase;
			buildActionMask = 2147483647;
			files = (
				BC52DF071A1E5D1900AAD267 /* main.m in Sources */,
			);
			runOnlyForDeploymentPostprocessing = 0;
		};
/* End PBXSourcesBuildPhase section */

/* Begin XCBuildConfiguration section */
		BC52DF081A1E5D1900AAD267 /* Debug */ = {
			isa = XCBuildConfiguration;
			buildSettings = {
				ALWAYS_SEARCH_USER_PATHS = NO;
				CLANG_CXX_LANGUAGE_STANDARD = "gnu++0x";
				CLANG_CXX_LIBRARY = "libc++";
				CLANG_ENABLE_MODULES = YES;
				CLANG_ENABLE_OBJC_ARC = YES;
				CLANG_WARN_BOOL_CONVERSION = YES;
				CLANG_WARN_CONSTANT_CONVERSION = YES;
				CLANG_WARN_DIRECT_OBJC_ISA_USAGE = YES_ERROR;
				CLANG_WARN_EMPTY_BODY = YES;
				CLANG_WARN_ENUM_CONVERSION = YES;
				CLANG_WARN_INT_CONVERSION = YES;
				CLANG_WARN_OBJC_ROOT_CLASS = YES_ERROR;
				CLANG_WARN_UNREACHABLE_CODE = YES;
				CLANG_WARN__DUPLICATE_METHOD_MATCH = YES;
				COPY_PHASE_STRIP = NO;
				ENABLE_STRICT_OBJC_MSGSEND = YES;
				GCC_C_LANGUAGE_STANDARD = gnu99;
				GCC_DYNAMIC_NO_PIC = NO;
				GCC_OPTIMIZATION_LEVEL = 0;
				GCC_PREPROCESSOR_DEFINITIONS = (
					"DEBUG=1",
					"$(inherited)",
				);
				GCC_SYMBOLS_PRIVATE_EXTERN = NO;
				GCC_WARN_64_TO_32_BIT_CONVERSION = YES;
				GCC_WARN_ABOUT_RETURN_TYPE = YES_ERROR;
				GCC_WARN_UNDECLARED_SELECTOR = YES;
				GCC_WARN_UNINITIALIZED_AUTOS = YES_AGGRESSIVE;
				GCC_WARN_UNUSED_FUNCTION = YES;
				GCC_WARN_UNUSED_VARIABLE = YES;
				MACOSX_DEPLOYMENT_TARGET = 10.10;
				MTL_ENABLE_DEBUG_INFO = YES;
				ONLY_ACTIVE_ARCH = YES;
				SDKROOT = macosx;
			};
			name = Debug;
		};
		BC52DF091A1E5D1900AAD267 /* Release */ = {
			isa = XCBuildConfiguration;
			buildSettings = {
				ALWAYS_SEARCH_USER_PATHS = NO;
				CLANG_CXX_LANGUAGE_STANDARD = "gnu++0x";
				CLANG_CXX_LIBRARY = "libc++";
				CLANG_ENABLE_MODULES = YES;
				CLANG_ENABLE_OBJC_ARC = YES;
				CLANG_WARN_BOOL_CONVERSION = YES;
				CLANG_WARN_CONSTANT_CONVERSION = YES;
				CLANG_WARN_DIRECT_OBJC_ISA_USAGE = YES_ERROR;
				CLANG_WARN_EMPTY_BODY = YES;
				CLANG_WARN_ENUM_CONVERSION = YES;
				CLANG_WARN_INT_CONVERSION = YES;
				CLANG_WARN_OBJC_ROOT_CLASS = YES_ERROR;
				CLANG_WARN_UNREACHABLE_CODE = YES;
				CLANG_WARN__DUPLICATE_METHOD_MATCH = YES;
				COPY_PHASE_STRIP = YES;
				DEBUG_INFORMATION_FORMAT = "dwarf-with-dsym";
				ENABLE_NS_ASSERTIONS = NO;
				ENABLE_STRICT_OBJC_MSGSEND = YES;
				GCC_C_LANGUAGE_STANDARD = gnu99;
				GCC_WARN_64_TO_32_BIT_CONVERSION = YES;
				GCC_WARN_ABOUT_RETURN_TYPE = YES_ERROR;
				GCC_WARN_UNDECLARED_SELECTOR = YES;
				GCC_WARN_UNINITIALIZED_AUTOS = YES_AGGRESSIVE;
				GCC_WARN_UNUSED_FUNCTION = YES;
				GCC_WARN_UNUSED_VARIABLE = YES;
				MACOSX_DEPLOYMENT_TARGET = 10.10;
				MTL_ENABLE_DEBUG_INFO = NO;
				SDKROOT = macosx;
			};
			name = Release;
		};
		BC52DF0B1A1E5D1900AAD267 /* Debug */ = {
			isa = XCBuildConfiguration;
			buildSettings = {
				PRODUCT_NAME = "$(TARGET_NAME)";
			};
			name = Debug;
		};
		BC52DF0C1A1E5D1900AAD267 /* Release */ = {
			isa = XCBuildConfiguration;
			buildSettings = {
				PRODUCT_NAME = "$(TARGET_NAME)";
			};
			name = Release;
		};
/* End XCBuildConfiguration section */

/* Begin XCConfigurationList section */
		BC52DEFE1A1E5D1900AAD267 /* Build configuration list for PBXProject "Eigenvalues For Different Values of Lambda" */ = {
			isa = XCConfigurationList;
			buildConfigurations = (
				BC52DF081A1E5D1900AAD267 /* Debug */,
				BC52DF091A1E5D1900AAD267 /* Release */,
			);
			defaultConfigurationIsVisible = 0;
			defaultConfigurationName = Release;
		};
		BC52DF0A1A1E5D1900AAD267 /* Build configuration list for PBXNativeTarget "Eigenvalues For Different Values of Lambda" */ = {
			isa = XCConfigurationList;
			buildConfigurations = (
				BC52DF0B1A1E5D1900AAD267 /* Debug */,
				BC52DF0C1A1E5D1900AAD267 /* Release */,
			);
			defaultConfigurationIsVisible = 0;
		};
/* End XCConfigurationList section */
	};
	rootObject = BC52DEFB1A1E5D1900AAD267 /* Project object */;
}
